
Microsoft Visual Studio Solution File, Format Version 12.00
# Visual Studio 15
VisualStudioVersion = 15.0.26124.0
MinimumVisualStudioVersion = 15.0.26124.0
Project("{FAE04EC0-301F-11D3-BF4B-00C04F79EFBC}") = "API", "API\API.csproj", "{45D3A20F-C1C0-4852-80E3-48BF7A05455C}"
EndProject
Project("{FAE04EC0-301F-11D3-BF4B-00C04F79EFBC}") = "Core", "Core\Core.csproj", "{60D20DF5-B908-4A8E-938B-908D89B74301}"
EndProject
Project("{FAE04EC0-301F-11D3-BF4B-00C04F79EFBC}") = "Infrastructure", "Infrastructure\Infrastructure.csproj", "{CBF51100-E4B8-48D8-BBF9-719D6015FDFE}"
EndProject
Global
	GlobalSection(SolutionConfigurationPlatforms) = preSolution
		Debug|Any CPU = Debug|Any CPU
		Debug|x64 = Debug|x64
		Debug|x86 = Debug|x86
		Release|Any CPU = Release|Any CPU
		Release|x64 = Release|x64
		Release|x86 = Release|x86
	EndGlobalSection
	GlobalSection(SolutionProperties) = preSolution
		HideSolutionNode = FALSE
	EndGlobalSection
	GlobalSection(ProjectConfigurationPlatforms) = postSolution
		{45D3A20F-C1C0-4852-80E3-48BF7A05455C}.Debug|Any CPU.ActiveCfg = Debug|Any CPU
		{45D3A20F-C1C0-4852-80E3-48BF7A05455C}.Debug|Any CPU.Build.0 = Debug|Any CPU
		{45D3A20F-C1C0-4852-80E3-48BF7A05455C}.Debug|x64.ActiveCfg = Debug|Any CPU
		{45D3A20F-C1C0-4852-80E3-48BF7A05455C}.Debug|x64.Build.0 = Debug|Any CPU
		{45D3A20F-C1C0-4852-80E3-48BF7A05455C}.Debug|x86.ActiveCfg = Debug|Any CPU
		{45D3A20F-C1C0-4852-80E3-48BF7A05455C}.Debug|x86.Build.0 = Debug|Any CPU
		{45D3A20F-C1C0-4852-80E3-48BF7A05455C}.Release|Any CPU.ActiveCfg = Release|Any CPU
		{45D3A20F-C1C0-4852-80E3-48BF7A05455C}.Release|Any CPU.Build.0 = Release|Any CPU
		{45D3A20F-C1C0-4852-80E3-48BF7A05455C}.Release|x64.ActiveCfg = Release|Any CPU
		{45D3A20F-C1C0-4852-80E3-48BF7A05455C}.Release|x64.Build.0 = Release|Any CPU
		{45D3A20F-C1C0-4852-80E3-48BF7A05455C}.Release|x86.ActiveCfg = Release|Any CPU
		{45D3A20F-C1C0-4852-80E3-48BF7A05455C}.Release|x86.Build.0 = Release|Any CPU
		{60D20DF5-B908-4A8E-938B-908D89B74301}.Debug|Any CPU.ActiveCfg = Debug|Any CPU
		{60D20DF5-B908-4A8E-938B-908D89B74301}.Debug|Any CPU.Build.0 = Debug|Any CPU
		{60D20DF5-B908-4A8E-938B-908D89B74301}.Debug|x64.ActiveCfg = Debug|Any CPU
		{60D20DF5-B908-4A8E-938B-908D89B74301}.Debug|x64.Build.0 = Debug|Any CPU
		{60D20DF5-B908-4A8E-938B-908D89B74301}.Debug|x86.ActiveCfg = Debug|Any CPU
		{60D20DF5-B908-4A8E-938B-908D89B74301}.Debug|x86.Build.0 = Debug|Any CPU
		{60D20DF5-B908-4A8E-938B-908D89B74301}.Release|Any CPU.ActiveCfg = Release|Any CPU
		{60D20DF5-B908-4A8E-938B-908D89B74301}.Release|Any CPU.Build.0 = Release|Any CPU
		{60D20DF5-B908-4A8E-938B-908D89B74301}.Release|x64.ActiveCfg = Release|Any CPU
		{60D20DF5-B908-4A8E-938B-908D89B74301}.Release|x64.Build.0 = Release|Any CPU
		{60D20DF5-B908-4A8E-938B-908D89B74301}.Release|x86.ActiveCfg = Release|Any CPU
		{60D20DF5-B908-4A8E-938B-908D89B74301}.Release|x86.Build.0 = Release|Any CPU
		{CBF51100-E4B8-48D8-BBF9-719D6015FDFE}.Debug|Any CPU.ActiveCfg = Debug|Any CPU
		{CBF51100-E4B8-48D8-BBF9-719D6015FDFE}.Debug|Any CPU.Build.0 = Debug|Any CPU
		{CBF51100-E4B8-48D8-BBF9-719D6015FDFE}.Debug|x64.ActiveCfg = Debug|Any CPU
		{CBF51100-E4B8-48D8-BBF9-719D6015FDFE}.Debug|x64.Build.0 = Debug|Any CPU
		{CBF51100-E4B8-48D8-BBF9-719D6015FDFE}.Debug|x86.ActiveCfg = Debug|Any CPU
		{CBF51100-E4B8-48D8-BBF9-719D6015FDFE}.Debug|x86.Build.0 = Debug|Any CPU
		{CBF51100-E4B8-48D8-BBF9-719D6015FDFE}.Release|Any CPU.ActiveCfg = Release|Any CPU
		{CBF51100-E4B8-48D8-BBF9-719D6015FDFE}.Release|Any CPU.Build.0 = Release|Any CPU
		{CBF51100-E4B8-48D8-BBF9-719D6015FDFE}.Release|x64.ActiveCfg = Release|Any CPU
		{CBF51100-E4B8-48D8-BBF9-719D6015FDFE}.Release|x64.Build.0 = Release|Any CPU
		{CBF51100-E4B8-48D8-BBF9-719D6015FDFE}.Release|x86.ActiveCfg = Release|Any CPU
		{CBF51100-E4B8-48D8-BBF9-719D6015FDFE}.Release|x86.Build.0 = Release|Any CPU
	EndGlobalSection
EndGlobal
